# This file is automatically @generated by Poetry 1.8.3 and should not be changed by hand.

[[package]]
name = "colorama"
version = "0.4.6"
description = "Cross-platform colored terminal text."
optional = false
python-versions = "!=3.0.*,!=3.1.*,!=3.2.*,!=3.3.*,!=3.4.*,!=3.5.*,!=3.6.*,>=2.7"
files = [
    {file = "colorama-0.4.6-py2.py3-none-any.whl", hash = "sha256:4f1d9991f5acc0ca119f9d443620b77f9d6b33703e51011c16baf57afb285fc6"},
    {file = "colorama-0.4.6.tar.gz", hash = "sha256:08695f5cb7ed6e0531a20572697297273c47b8cae5a63ffc6d6ed5c201be6e44"},
]

[[package]]
name = "coverage"
version = "7.6.0"
description = "Code coverage measurement for Python"
optional = false
python-versions = ">=3.8"
files = [
    {file = "coverage-7.6.0-cp310-cp310-macosx_10_9_x86_64.whl", hash = "sha256:dff044f661f59dace805eedb4a7404c573b6ff0cdba4a524141bc63d7be5c7fd"},
    {file = "coverage-7.6.0-cp310-cp310-macosx_11_0_arm64.whl", hash = "sha256:a8659fd33ee9e6ca03950cfdcdf271d645cf681609153f218826dd9805ab585c"},
    {file = "coverage-7.6.0-cp310-cp310-manylinux_2_17_aarch64.manylinux2014_aarch64.whl", hash = "sha256:7792f0ab20df8071d669d929c75c97fecfa6bcab82c10ee4adb91c7a54055463"},
    {file = "coverage-7.6.0-cp310-cp310-manylinux_2_5_i686.manylinux1_i686.manylinux_2_17_i686.manylinux2014_i686.whl", hash = "sha256:d4b3cd1ca7cd73d229487fa5caca9e4bc1f0bca96526b922d61053ea751fe791"},
    {file = "coverage-7.6.0-cp310-cp310-manylinux_2_5_x86_64.manylinux1_x86_64.manylinux_2_17_x86_64.manylinux2014_x86_64.whl", hash = "sha256:e7e128f85c0b419907d1f38e616c4f1e9f1d1b37a7949f44df9a73d5da5cd53c"},
    {file = "coverage-7.6.0-cp310-cp310-musllinux_1_2_aarch64.whl", hash = "sha256:a94925102c89247530ae1dab7dc02c690942566f22e189cbd53579b0693c0783"},
    {file = "coverage-7.6.0-cp310-cp310-musllinux_1_2_i686.whl", hash = "sha256:dcd070b5b585b50e6617e8972f3fbbee786afca71b1936ac06257f7e178f00f6"},
    {file = "coverage-7.6.0-cp310-cp310-musllinux_1_2_x86_64.whl", hash = "sha256:d50a252b23b9b4dfeefc1f663c568a221092cbaded20a05a11665d0dbec9b8fb"},
    {file = "coverage-7.6.0-cp310-cp310-win32.whl", hash = "sha256:0e7b27d04131c46e6894f23a4ae186a6a2207209a05df5b6ad4caee6d54a222c"},
    {file = "coverage-7.6.0-cp310-cp310-win_amd64.whl", hash = "sha256:54dece71673b3187c86226c3ca793c5f891f9fc3d8aa183f2e3653da18566169"},
    {file = "coverage-7.6.0-cp311-cp311-macosx_10_9_x86_64.whl", hash = "sha256:c7b525ab52ce18c57ae232ba6f7010297a87ced82a2383b1afd238849c1ff933"},
    {file = "coverage-7.6.0-cp311-cp311-macosx_11_0_arm64.whl", hash = "sha256:4bea27c4269234e06f621f3fac3925f56ff34bc14521484b8f66a580aacc2e7d"},
    {file = "coverage-7.6.0-cp311-cp311-manylinux_2_17_aarch64.manylinux2014_aarch64.whl", hash = "sha256:ed8d1d1821ba5fc88d4a4f45387b65de52382fa3ef1f0115a4f7a20cdfab0e94"},
    {file = "coverage-7.6.0-cp311-cp311-manylinux_2_5_i686.manylinux1_i686.manylinux_2_17_i686.manylinux2014_i686.whl", hash = "sha256:01c322ef2bbe15057bc4bf132b525b7e3f7206f071799eb8aa6ad1940bcf5fb1"},
    {file = "coverage-7.6.0-cp311-cp311-manylinux_2_5_x86_64.manylinux1_x86_64.manylinux_2_17_x86_64.manylinux2014_x86_64.whl", hash = "sha256:03cafe82c1b32b770a29fd6de923625ccac3185a54a5e66606da26d105f37dac"},
    {file = "coverage-7.6.0-cp311-cp311-musllinux_1_2_aarch64.whl", hash = "sha256:0d1b923fc4a40c5832be4f35a5dab0e5ff89cddf83bb4174499e02ea089daf57"},
    {file = "coverage-7.6.0-cp311-cp311-musllinux_1_2_i686.whl", hash = "sha256:4b03741e70fb811d1a9a1d75355cf391f274ed85847f4b78e35459899f57af4d"},
    {file = "coverage-7.6.0-cp311-cp311-musllinux_1_2_x86_64.whl", hash = "sha256:a73d18625f6a8a1cbb11eadc1d03929f9510f4131879288e3f7922097a429f63"},
    {file = "coverage-7.6.0-cp311-cp311-win32.whl", hash = "sha256:65fa405b837060db569a61ec368b74688f429b32fa47a8929a7a2f9b47183713"},
    {file = "coverage-7.6.0-cp311-cp311-win_amd64.whl", hash = "sha256:6379688fb4cfa921ae349c76eb1a9ab26b65f32b03d46bb0eed841fd4cb6afb1"},
    {file = "coverage-7.6.0-cp312-cp312-macosx_10_9_x86_64.whl", hash = "sha256:f7db0b6ae1f96ae41afe626095149ecd1b212b424626175a6633c2999eaad45b"},
    {file = "coverage-7.6.0-cp312-cp312-macosx_11_0_arm64.whl", hash = "sha256:bbdf9a72403110a3bdae77948b8011f644571311c2fb35ee15f0f10a8fc082e8"},
    {file = "coverage-7.6.0-cp312-cp312-manylinux_2_17_aarch64.manylinux2014_aarch64.whl", hash = "sha256:9cc44bf0315268e253bf563f3560e6c004efe38f76db03a1558274a6e04bf5d5"},
    {file = "coverage-7.6.0-cp312-cp312-manylinux_2_5_i686.manylinux1_i686.manylinux_2_17_i686.manylinux2014_i686.whl", hash = "sha256:da8549d17489cd52f85a9829d0e1d91059359b3c54a26f28bec2c5d369524807"},
    {file = "coverage-7.6.0-cp312-cp312-manylinux_2_5_x86_64.manylinux1_x86_64.manylinux_2_17_x86_64.manylinux2014_x86_64.whl", hash = "sha256:0086cd4fc71b7d485ac93ca4239c8f75732c2ae3ba83f6be1c9be59d9e2c6382"},
    {file = "coverage-7.6.0-cp312-cp312-musllinux_1_2_aarch64.whl", hash = "sha256:1fad32ee9b27350687035cb5fdf9145bc9cf0a094a9577d43e909948ebcfa27b"},
    {file = "coverage-7.6.0-cp312-cp312-musllinux_1_2_i686.whl", hash = "sha256:044a0985a4f25b335882b0966625270a8d9db3d3409ddc49a4eb00b0ef5e8cee"},
    {file = "coverage-7.6.0-cp312-cp312-musllinux_1_2_x86_64.whl", hash = "sha256:76d5f82213aa78098b9b964ea89de4617e70e0d43e97900c2778a50856dac605"},
    {file = "coverage-7.6.0-cp312-cp312-win32.whl", hash = "sha256:3c59105f8d58ce500f348c5b56163a4113a440dad6daa2294b5052a10db866da"},
    {file = "coverage-7.6.0-cp312-cp312-win_amd64.whl", hash = "sha256:ca5d79cfdae420a1d52bf177de4bc2289c321d6c961ae321503b2ca59c17ae67"},
    {file = "coverage-7.6.0-cp38-cp38-macosx_10_9_x86_64.whl", hash = "sha256:d39bd10f0ae453554798b125d2f39884290c480f56e8a02ba7a6ed552005243b"},
    {file = "coverage-7.6.0-cp38-cp38-macosx_11_0_arm64.whl", hash = "sha256:beb08e8508e53a568811016e59f3234d29c2583f6b6e28572f0954a6b4f7e03d"},
    {file = "coverage-7.6.0-cp38-cp38-manylinux_2_17_aarch64.manylinux2014_aarch64.whl", hash = "sha256:b2e16f4cd2bc4d88ba30ca2d3bbf2f21f00f382cf4e1ce3b1ddc96c634bc48ca"},
    {file = "coverage-7.6.0-cp38-cp38-manylinux_2_5_i686.manylinux1_i686.manylinux_2_17_i686.manylinux2014_i686.whl", hash = "sha256:6616d1c9bf1e3faea78711ee42a8b972367d82ceae233ec0ac61cc7fec09fa6b"},
    {file = "coverage-7.6.0-cp38-cp38-manylinux_2_5_x86_64.manylinux1_x86_64.manylinux_2_17_x86_64.manylinux2014_x86_64.whl", hash = "sha256:ad4567d6c334c46046d1c4c20024de2a1c3abc626817ae21ae3da600f5779b44"},
    {file = "coverage-7.6.0-cp38-cp38-musllinux_1_2_aarch64.whl", hash = "sha256:d17c6a415d68cfe1091d3296ba5749d3d8696e42c37fca5d4860c5bf7b729f03"},
    {file = "coverage-7.6.0-cp38-cp38-musllinux_1_2_i686.whl", hash = "sha256:9146579352d7b5f6412735d0f203bbd8d00113a680b66565e205bc605ef81bc6"},
    {file = "coverage-7.6.0-cp38-cp38-musllinux_1_2_x86_64.whl", hash = "sha256:cdab02a0a941af190df8782aafc591ef3ad08824f97850b015c8c6a8b3877b0b"},
    {file = "coverage-7.6.0-cp38-cp38-win32.whl", hash = "sha256:df423f351b162a702c053d5dddc0fc0ef9a9e27ea3f449781ace5f906b664428"},
    {file = "coverage-7.6.0-cp38-cp38-win_amd64.whl", hash = "sha256:f2501d60d7497fd55e391f423f965bbe9e650e9ffc3c627d5f0ac516026000b8"},
    {file = "coverage-7.6.0-cp39-cp39-macosx_10_9_x86_64.whl", hash = "sha256:7221f9ac9dad9492cecab6f676b3eaf9185141539d5c9689d13fd6b0d7de840c"},
    {file = "coverage-7.6.0-cp39-cp39-macosx_11_0_arm64.whl", hash = "sha256:ddaaa91bfc4477d2871442bbf30a125e8fe6b05da8a0015507bfbf4718228ab2"},
    {file = "coverage-7.6.0-cp39-cp39-manylinux_2_17_aarch64.manylinux2014_aarch64.whl", hash = "sha256:c4cbe651f3904e28f3a55d6f371203049034b4ddbce65a54527a3f189ca3b390"},
    {file = "coverage-7.6.0-cp39-cp39-manylinux_2_5_i686.manylinux1_i686.manylinux_2_17_i686.manylinux2014_i686.whl", hash = "sha256:831b476d79408ab6ccfadaaf199906c833f02fdb32c9ab907b1d4aa0713cfa3b"},
    {file = "coverage-7.6.0-cp39-cp39-manylinux_2_5_x86_64.manylinux1_x86_64.manylinux_2_17_x86_64.manylinux2014_x86_64.whl", hash = "sha256:46c3d091059ad0b9c59d1034de74a7f36dcfa7f6d3bde782c49deb42438f2450"},
    {file = "coverage-7.6.0-cp39-cp39-musllinux_1_2_aarch64.whl", hash = "sha256:4d5fae0a22dc86259dee66f2cc6c1d3e490c4a1214d7daa2a93d07491c5c04b6"},
    {file = "coverage-7.6.0-cp39-cp39-musllinux_1_2_i686.whl", hash = "sha256:07ed352205574aad067482e53dd606926afebcb5590653121063fbf4e2175166"},
    {file = "coverage-7.6.0-cp39-cp39-musllinux_1_2_x86_64.whl", hash = "sha256:49c76cdfa13015c4560702574bad67f0e15ca5a2872c6a125f6327ead2b731dd"},
    {file = "coverage-7.6.0-cp39-cp39-win32.whl", hash = "sha256:482855914928c8175735a2a59c8dc5806cf7d8f032e4820d52e845d1f731dca2"},
    {file = "coverage-7.6.0-cp39-cp39-win_amd64.whl", hash = "sha256:543ef9179bc55edfd895154a51792b01c017c87af0ebaae092720152e19e42ca"},
    {file = "coverage-7.6.0-pp38.pp39.pp310-none-any.whl", hash = "sha256:6fe885135c8a479d3e37a7aae61cbd3a0fb2deccb4dda3c25f92a49189f766d6"},
    {file = "coverage-7.6.0.tar.gz", hash = "sha256:289cc803fa1dc901f84701ac10c9ee873619320f2f9aff38794db4a4a0268d51"},
]

[package.dependencies]
tomli = {version = "*", optional = true, markers = "python_full_version <= \"3.11.0a6\" and extra == \"toml\""}

[package.extras]
toml = ["tomli"]

[[package]]
name = "cutlet"
version = "0.4.0"
description = "Romaji converter"
optional = false
python-versions = ">=3.5"
files = [
    {file = "cutlet-0.4.0.tar.gz", hash = "sha256:9abc50b2c36aabc0c863b7a0fd6a3a651dc372e056f0914d83e76ac2612f3626"},
]

[package.dependencies]
fugashi = "*"
jaconv = "*"
mojimoji = "*"

[[package]]
name = "exceptiongroup"
version = "1.2.2"
description = "Backport of PEP 654 (exception groups)"
optional = false
python-versions = ">=3.7"
files = [
    {file = "exceptiongroup-1.2.2-py3-none-any.whl", hash = "sha256:3111b9d131c238bec2f8f516e123e14ba243563fb135d3fe885990585aa7795b"},
    {file = "exceptiongroup-1.2.2.tar.gz", hash = "sha256:47c2edf7c6738fafb49fd34290706d1a1a2f4d1c6df275526b62cbb4aa5393cc"},
]

[package.extras]
test = ["pytest (>=6)"]

[[package]]
name = "fugashi"
version = "1.3.3"
description = "A Cython MeCab wrapper for fast, pythonic Japanese tokenization."
optional = false
python-versions = ">=3.8"
files = [
    {file = "fugashi-1.3.3-cp310-cp310-macosx_10_9_universal2.whl", hash = "sha256:50c57b6cf7e17c4c3b632366d54c677458c3b5c8b2ce781b103adbd50b6d0c99"},
    {file = "fugashi-1.3.3-cp310-cp310-macosx_10_9_x86_64.whl", hash = "sha256:4d68f9af28716b21dd89385a5f85bd29a60107538253bc02143d76c44a7530dd"},
    {file = "fugashi-1.3.3-cp310-cp310-macosx_11_0_arm64.whl", hash = "sha256:ed97ab78efacc1813535f53f6f6fce0ed92b7eac89ebdb0c09a5b9b7344d528b"},
    {file = "fugashi-1.3.3-cp310-cp310-manylinux_2_17_aarch64.manylinux2014_aarch64.whl", hash = "sha256:033842a23a9f52fb01aaf8078f984d82de54baac672d5fc5e5abead9470747bb"},
    {file = "fugashi-1.3.3-cp310-cp310-manylinux_2_17_x86_64.manylinux2014_x86_64.whl", hash = "sha256:8cae34410881c9dd86806fa107b0b48d254996c5a8aab489fea747ee22810955"},
    {file = "fugashi-1.3.3-cp310-cp310-win_amd64.whl", hash = "sha256:e4eb162cb8f9b66740ca24904d92274c7c3ddc09ad93991ccbb0afa02a8462ac"},
    {file = "fugashi-1.3.3-cp311-cp311-macosx_10_9_universal2.whl", hash = "sha256:2f0ea81f1bab15b2caa19a6906dd6e8c5aa0c518ce05e864391fe6bde201d22d"},
    {file = "fugashi-1.3.3-cp311-cp311-macosx_10_9_x86_64.whl", hash = "sha256:a1ec458d0b83c3d87bd4634a8a3dace385df3ef6a2aa21b152a79ef532f589f1"},
    {file = "fugashi-1.3.3-cp311-cp311-macosx_11_0_arm64.whl", hash = "sha256:73e8131d6558e730fa141969a22bda49515cb776594f4d0aa41ebd90d6915b44"},
    {file = "fugashi-1.3.3-cp311-cp311-manylinux_2_17_aarch64.manylinux2014_aarch64.whl", hash = "sha256:d413be4a1d776aabca84a1f685048f5731195dfa32c0c3d3dbe2b29693f6d03d"},
    {file = "fugashi-1.3.3-cp311-cp311-manylinux_2_17_x86_64.manylinux2014_x86_64.whl", hash = "sha256:18401429a7da51c421b374c201d998ee8e7308d40eab27a2d6b6a6ece17f4754"},
    {file = "fugashi-1.3.3-cp311-cp311-win_amd64.whl", hash = "sha256:9ee411dec70435bc3c23cb7ccff4ebcc4383c2d5b6ead2693b0710b82e641d6f"},
    {file = "fugashi-1.3.3-cp312-cp312-macosx_10_13_universal2.whl", hash = "sha256:482e5dcc0102f95237bd97ad64b1a0d07514b45e9f9f91acd908e78dd74c732b"},
    {file = "fugashi-1.3.3-cp312-cp312-macosx_10_13_x86_64.whl", hash = "sha256:bc94b22f0f033dcb1d5d48e6007988c90d990fd91e78edfba0dc5abc3890177a"},
    {file = "fugashi-1.3.3-cp312-cp312-macosx_11_0_arm64.whl", hash = "sha256:becc6ba570a6acdc9f361db9bf8b8dd011a7aa935ca84717ee8ac8ee7e4ca17d"},
    {file = "fugashi-1.3.3-cp312-cp312-manylinux_2_17_aarch64.manylinux2014_aarch64.whl", hash = "sha256:ca7e5cf35d65bbcd8f97cefec0a6a2ed63e159240c2291ff4b17c7e9363f40ef"},
    {file = "fugashi-1.3.3-cp312-cp312-manylinux_2_17_x86_64.manylinux2014_x86_64.whl", hash = "sha256:fcad50da08177eab3d862171294d2b9e849d16f274e5fb3a3018a3805fe00ff8"},
    {file = "fugashi-1.3.3-cp312-cp312-win_amd64.whl", hash = "sha256:3025d579ef9b6df01f355a0b001d9de7e803fe42b8a6a7c195f0cfee1aad4fad"},
    {file = "fugashi-1.3.3-cp313-cp313-macosx_10_13_universal2.whl", hash = "sha256:d65a9883c3bcc72b3a1fa256f2028ef7eb3b574139a6a32292fbb942dfc3c7a6"},
    {file = "fugashi-1.3.3-cp313-cp313-macosx_10_13_x86_64.whl", hash = "sha256:933295a3c33305cc3abeb64d7bc621f53c052f6a61ab1c87244073e89fc12a23"},
    {file = "fugashi-1.3.3-cp313-cp313-macosx_11_0_arm64.whl", hash = "sha256:5f3427fde23dfb298155b432c5ba0a53c355964046997dd1f2f65a490921e413"},
    {file = "fugashi-1.3.3-cp313-cp313-manylinux_2_17_aarch64.manylinux2014_aarch64.whl", hash = "sha256:bac343f9428a9b9d703362cedc62b628834a072a2ed998754d05fb3c363a507a"},
    {file = "fugashi-1.3.3-cp313-cp313-manylinux_2_17_x86_64.manylinux2014_x86_64.whl", hash = "sha256:8d0f8d2a342ecdfb461824abf68237cbc02017b85cc0615e7d939a53415de0eb"},
    {file = "fugashi-1.3.3-cp313-cp313-win_amd64.whl", hash = "sha256:cc49c6f8578fcaec2f4d526c9cfe83ad010fd42219cd2cafe4caa8d6e0c26b99"},
    {file = "fugashi-1.3.3-cp38-cp38-macosx_10_9_universal2.whl", hash = "sha256:433b6bff3bac5dd58b537d5818bbb1709db6cead6c48a1819de4ca6654306741"},
    {file = "fugashi-1.3.3-cp38-cp38-macosx_10_9_x86_64.whl", hash = "sha256:2a5acde41daf6abb99c3362335f30362571c7db39c86d76b520d1fcbc0e51da9"},
    {file = "fugashi-1.3.3-cp38-cp38-macosx_11_0_arm64.whl", hash = "sha256:af0e0a3127039a2f005ebc4bb06e28a9b8a771f9680966ec94c83b517bfecaca"},
    {file = "fugashi-1.3.3-cp38-cp38-manylinux_2_17_aarch64.manylinux2014_aarch64.whl", hash = "sha256:3bddc4d3d2cfd91c7bf784686499d24a9b87d593c01ed0a160c63d0d1e81576e"},
    {file = "fugashi-1.3.3-cp38-cp38-manylinux_2_17_x86_64.manylinux2014_x86_64.whl", hash = "sha256:c28bd62e9aba5a7bfd24c790ad6a751e296dd93a23eac14e3d70dcdfd4af8a40"},
    {file = "fugashi-1.3.3-cp38-cp38-win_amd64.whl", hash = "sha256:194f467762b6f35596936d82e3bdd66bc2fc5ae4b790d3e216769a647bf3e632"},
    {file = "fugashi-1.3.3-cp39-cp39-macosx_10_9_universal2.whl", hash = "sha256:f0e5c125ee505fbfeacbf2abe6628f3c72033730a1812aedbf24205046c69361"},
    {file = "fugashi-1.3.3-cp39-cp39-macosx_10_9_x86_64.whl", hash = "sha256:87ccacd86a3742c4ccd59a829510c9892668658d520a43cbcb8e80f823c9f71b"},
    {file = "fugashi-1.3.3-cp39-cp39-macosx_11_0_arm64.whl", hash = "sha256:63cbe74dc50d10e8eefe29cb0d2191ff182597bf1dbc8b0cea5d7e1c213edd73"},
    {file = "fugashi-1.3.3-cp39-cp39-manylinux_2_17_aarch64.manylinux2014_aarch64.whl", hash = "sha256:7a4fcd63e8d24ccbb9b5b161aa75bf54728a070ae1b8cb9523d147f1cb68403f"},
    {file = "fugashi-1.3.3-cp39-cp39-manylinux_2_17_x86_64.manylinux2014_x86_64.whl", hash = "sha256:9441bfb35db1826de30bd34252ed398fbb456a99ac6da018026a7cdb430b3359"},
    {file = "fugashi-1.3.3-cp39-cp39-win_amd64.whl", hash = "sha256:00a9713513961d8a3ba25676feb86701da2b117acbd5f5ce8d6546b6aed3714f"},
    {file = "fugashi-1.3.3-pp310-pypy310_pp73-macosx_10_15_x86_64.whl", hash = "sha256:194b1e5ea7c3dc0db35911509ff55333a0680ceca016bb2687c64021800d3fb9"},
    {file = "fugashi-1.3.3-pp310-pypy310_pp73-macosx_11_0_arm64.whl", hash = "sha256:9fb6f161384ba41d558a31d62543fa1ba03fabe7e87dd49f0c1d6fbfc805057a"},
    {file = "fugashi-1.3.3-pp38-pypy38_pp73-macosx_10_9_x86_64.whl", hash = "sha256:d2b2e6a29754bef9689d1c5376907b38d192a6fb16187a2d396d43d1972a6a9c"},
    {file = "fugashi-1.3.3-pp38-pypy38_pp73-macosx_11_0_arm64.whl", hash = "sha256:332b6ac7731a8dc72d87f761c93e4df41c042178d9df5703901f5f95124149e3"},
    {file = "fugashi-1.3.3-pp39-pypy39_pp73-macosx_10_15_x86_64.whl", hash = "sha256:df4db1d10f226de13627c1c5403037c972c3b16ac23b3afb2f2f5e0ae5675379"},
    {file = "fugashi-1.3.3-pp39-pypy39_pp73-macosx_11_0_arm64.whl", hash = "sha256:667e5c3d494146c0e32ef80b9905618557db5ede59648b0a6cb9faa9563996a6"},
    {file = "fugashi-1.3.3.tar.gz", hash = "sha256:10aa8d5bc1ab292abeb289970ac2b16c71bcb51a79dc8093ba71c0e1c41f56f7"},
]

[package.dependencies]
unidic-lite = {version = "*", optional = true, markers = "extra == \"unidic-lite\""}

[package.extras]
unidic = ["unidic"]
unidic-lite = ["unidic-lite"]

[[package]]
name = "iniconfig"
version = "2.0.0"
description = "brain-dead simple config-ini parsing"
optional = false
python-versions = ">=3.7"
files = [
    {file = "iniconfig-2.0.0-py3-none-any.whl", hash = "sha256:b6a85871a79d2e3b22d2d1b94ac2824226a63c6b741c88f7ae975f18b6778374"},
    {file = "iniconfig-2.0.0.tar.gz", hash = "sha256:2d91e135bf72d31a410b17c16da610a82cb55f6b0477d1a902134b24a455b8b3"},
]

[[package]]
name = "jaconv"
version = "0.3.4"
description = "Pure-Python Japanese character interconverter for Hiragana, Katakana, Hankaku, Zenkaku and more"
optional = false
python-versions = "*"
files = [
    {file = "jaconv-0.3.4.tar.gz", hash = "sha256:9e7c55f3f0b0e2dbad62f6c9fa0c30fc6fffdbb78297955509d90856b3a31d6d"},
]

[[package]]
name = "mojimoji"
version = "0.0.13"
description = "A fast converter between Japanese hankaku and zenkaku characters"
optional = false
python-versions = ">=3.7"
files = [
    {file = "mojimoji-0.0.13-cp310-cp310-macosx_10_9_x86_64.whl", hash = "sha256:d4e35fed7eb8ac573eef365d4a614c952179ad4e0e27a8e32d22e6c57a945b8c"},
    {file = "mojimoji-0.0.13-cp310-cp310-macosx_11_0_arm64.whl", hash = "sha256:308a6b43c3c9c5a6d912e1984d02aa58ccabb83c9e57c5edb71389c90187d6d3"},
    {file = "mojimoji-0.0.13-cp310-cp310-manylinux_2_17_i686.manylinux2014_i686.whl", hash = "sha256:761c1bcca7146b24c82b72645fbb80dbe6d373792e84f7d71bafa538c0b170af"},
    {file = "mojimoji-0.0.13-cp310-cp310-manylinux_2_17_x86_64.manylinux2014_x86_64.whl", hash = "sha256:8feb1b8bf21eae1c35fca72a8c2c05c9a12271d882a02b01608d746d3dbab684"},
    {file = "mojimoji-0.0.13-cp310-cp310-win32.whl", hash = "sha256:f617ebe1fdceadc2b87497c4d56f3c863155179488feb63f83a62cf95df37b69"},
    {file = "mojimoji-0.0.13-cp310-cp310-win_amd64.whl", hash = "sha256:a5dfcef1fc16360aab65b8b60518a9d19cc7916ffc296ee0907819490686429e"},
    {file = "mojimoji-0.0.13-cp311-cp311-macosx_10_9_x86_64.whl", hash = "sha256:c97d7c1861635cd538f44bf70dd27ed24435b0f8fe634ca52c49cb4c4424d6fa"},
    {file = "mojimoji-0.0.13-cp311-cp311-macosx_11_0_arm64.whl", hash = "sha256:2402eaf2a5f963735c44e59559fa00ee8eb8dec46c0e3f29bfdb1ee49d7a75df"},
    {file = "mojimoji-0.0.13-cp311-cp311-manylinux_2_17_i686.manylinux2014_i686.whl", hash = "sha256:60a7358d7d413d4ea9c92e3b523ab4e701e30cefc505b2f1409761fc9e7ba730"},
    {file = "mojimoji-0.0.13-cp311-cp311-manylinux_2_17_x86_64.manylinux2014_x86_64.whl", hash = "sha256:535f278df0a26280e904cd3688ae610414b176cc373431ac31e378305ee96452"},
    {file = "mojimoji-0.0.13-cp311-cp311-win32.whl", hash = "sha256:d27f88051d4fde5b2fdb1a07e3064c950541da6d25e3f1829eedededc015b0c2"},
    {file = "mojimoji-0.0.13-cp311-cp311-win_amd64.whl", hash = "sha256:ea2f75e93425f0bcfaef68c189845ec9a212d37a4997ffa35353ef7e5c57ca9a"},
    {file = "mojimoji-0.0.13-cp312-cp312-macosx_10_9_x86_64.whl", hash = "sha256:9d8f1618fb9b100bba172f2629df20e6db591ce5912996ac630d215627dd7553"},
    {file = "mojimoji-0.0.13-cp312-cp312-macosx_11_0_arm64.whl", hash = "sha256:ad4a2e1fb2b643ac3166f30be97a95ad1877e4670c6dc656c4ef580681b84c49"},
    {file = "mojimoji-0.0.13-cp312-cp312-manylinux_2_17_i686.manylinux2014_i686.whl", hash = "sha256:d001f2042073b194bad071925b7ee36d9f320b79c93b4463df87267fee986e86"},
    {file = "mojimoji-0.0.13-cp312-cp312-manylinux_2_17_x86_64.manylinux2014_x86_64.whl", hash = "sha256:3c5fd38d1f4079dc54ac79f93b0e5442c660b297a3868308251ffc37beb1216b"},
    {file = "mojimoji-0.0.13-cp312-cp312-win32.whl", hash = "sha256:c97ee81e4f7083df13b8ef690366e67afd8170c8f7c259161bae6ed12d41fe5b"},
    {file = "mojimoji-0.0.13-cp312-cp312-win_amd64.whl", hash = "sha256:6e442d6dcfb2fc1a08eea86da80ebe71ad63fbc4217fa4faede7023c0b51d055"},
    {file = "mojimoji-0.0.13-cp37-cp37m-macosx_10_9_x86_64.whl", hash = "sha256:b44d0a99b69bca583e497cf217d2573f9a01ca49d9dc23116bffb196efdb192f"},
    {file = "mojimoji-0.0.13-cp37-cp37m-manylinux_2_17_i686.manylinux2014_i686.whl", hash = "sha256:1087035b4b0d5f2be0db74ccdb285e0bcf977a8c24e47ee93cd084570d073648"},
    {file = "mojimoji-0.0.13-cp37-cp37m-manylinux_2_17_x86_64.manylinux2014_x86_64.whl", hash = "sha256:da069e1c48f54de4c4c372c74cf8c7f27487449d1547337aaedc21b26538b5e7"},
    {file = "mojimoji-0.0.13-cp37-cp37m-win32.whl", hash = "sha256:522eff5b0fd3ea2cdbeae27581a684174ed843dd7b9076791bf344a746a1ed8f"},
    {file = "mojimoji-0.0.13-cp37-cp37m-win_amd64.whl", hash = "sha256:99472af3849bd795970ecc9102f1007350cb8aef0ff21ba0511c121fe94c3ffe"},
    {file = "mojimoji-0.0.13-cp38-cp38-macosx_10_9_x86_64.whl", hash = "sha256:01130d705445c4b41dcb6177b82ef6ae54ae13dc8d7ad9bf1a673acf0db8059c"},
    {file = "mojimoji-0.0.13-cp38-cp38-macosx_11_0_arm64.whl", hash = "sha256:18422803dc00703ebf4969a6d6957bd9099913295f0578c9e29ee25d4988ed7f"},
    {file = "mojimoji-0.0.13-cp38-cp38-manylinux_2_17_i686.manylinux2014_i686.whl", hash = "sha256:7fc8a9caeea0147eee642a50c004fc64f0c1410736423f74802cf9950ae14b43"},
    {file = "mojimoji-0.0.13-cp38-cp38-manylinux_2_17_x86_64.manylinux2014_x86_64.whl", hash = "sha256:cc0f872b573218bfac9532ccb2f52f6279e8aa337654bbb28e90f0051d3ceb0b"},
    {file = "mojimoji-0.0.13-cp38-cp38-win32.whl", hash = "sha256:98ea6f420f1298eb6a36b759551b22d133fe882da407f3eccf8c2cc5d302d05f"},
    {file = "mojimoji-0.0.13-cp38-cp38-win_amd64.whl", hash = "sha256:ab1aee2ef6a170b26e431733767361dfc12983847f2be23f6dc2311de7b98df0"},
    {file = "mojimoji-0.0.13-cp39-cp39-macosx_10_9_x86_64.whl", hash = "sha256:918f415c42cabde6128faba93be92482a4fb1f40d0d800727e04716aef40c94e"},
    {file = "mojimoji-0.0.13-cp39-cp39-macosx_11_0_arm64.whl", hash = "sha256:a27b8cec5e05db2a7acc475a7ab70b840cf2087bcb2d4a276b89a3f9d20b0887"},
    {file = "mojimoji-0.0.13-cp39-cp39-manylinux_2_17_i686.manylinux2014_i686.whl", hash = "sha256:853d87ce8fbef597bc3a1f23a9f95f6a4267f697e28fc85c665598c190b4b71c"},
    {file = "mojimoji-0.0.13-cp39-cp39-manylinux_2_17_x86_64.manylinux2014_x86_64.whl", hash = "sha256:9f2284489d1b8330bb785eb844c1a6a6a2346c95bc3f52088084c71b4a1fb234"},
    {file = "mojimoji-0.0.13-cp39-cp39-win32.whl", hash = "sha256:507c73837b19c17918de5d2afccdaaed95cf00d1e9e38eac93ab39c8fc0930f8"},
    {file = "mojimoji-0.0.13-cp39-cp39-win_amd64.whl", hash = "sha256:6b627a62c18655adb36b9b2a420b7f43a0d2f39ebe2aa01418968d6dc71bb104"},
    {file = "mojimoji-0.0.13.tar.gz", hash = "sha256:0e6d2fba22cc8bf132a5bdf3a964296d9287a618d09681a12868f0fd518e4230"},
]

[[package]]
name = "packaging"
version = "24.1"
description = "Core utilities for Python packages"
optional = false
python-versions = ">=3.8"
files = [
    {file = "packaging-24.1-py3-none-any.whl", hash = "sha256:5b8f2217dbdbd2f7f384c41c628544e6d52f2d0f53c6d0c3ea61aa5d1d7ff124"},
    {file = "packaging-24.1.tar.gz", hash = "sha256:026ed72c8ed3fcce5bf8950572258698927fd1dbda10a5e981cdf0ac37f4f002"},
]

[[package]]
name = "pluggy"
version = "1.5.0"
description = "plugin and hook calling mechanisms for python"
optional = false
python-versions = ">=3.8"
files = [
    {file = "pluggy-1.5.0-py3-none-any.whl", hash = "sha256:44e1ad92c8ca002de6377e165f3e0f1be63266ab4d554740532335b9d75ea669"},
    {file = "pluggy-1.5.0.tar.gz", hash = "sha256:2cffa88e94fdc978c4c574f15f9e59b7f4201d439195c3715ca9e2486f1d0cf1"},
]

[package.extras]
dev = ["pre-commit", "tox"]
testing = ["pytest", "pytest-benchmark"]

[[package]]
name = "pytest"
version = "8.3.3"
description = "pytest: simple powerful testing with Python"
optional = false
python-versions = ">=3.8"
files = [
    {file = "pytest-8.3.3-py3-none-any.whl", hash = "sha256:a6853c7375b2663155079443d2e45de913a911a11d669df02a50814944db57b2"},
    {file = "pytest-8.3.3.tar.gz", hash = "sha256:70b98107bd648308a7952b06e6ca9a50bc660be218d53c257cc1fc94fda10181"},
]

[package.dependencies]
colorama = {version = "*", markers = "sys_platform == \"win32\""}
exceptiongroup = {version = ">=1.0.0rc8", markers = "python_version < \"3.11\""}
iniconfig = "*"
packaging = "*"
pluggy = ">=1.5,<2"
tomli = {version = ">=1", markers = "python_version < \"3.11\""}

[package.extras]
dev = ["argcomplete", "attrs (>=19.2)", "hypothesis (>=3.56)", "mock", "pygments (>=2.7.2)", "requests", "setuptools", "xmlschema"]

[[package]]
name = "pytest-cov"
version = "6.0.0"
description = "Pytest plugin for measuring coverage."
optional = false
python-versions = ">=3.9"
files = [
    {file = "pytest-cov-6.0.0.tar.gz", hash = "sha256:fde0b595ca248bb8e2d76f020b465f3b107c9632e6a1d1705f17834c89dcadc0"},
    {file = "pytest_cov-6.0.0-py3-none-any.whl", hash = "sha256:eee6f1b9e61008bd34975a4d5bab25801eb31898b032dd55addc93e96fcaaa35"},
]

[package.dependencies]
coverage = {version = ">=7.5", extras = ["toml"]}
pytest = ">=4.6"

[package.extras]
testing = ["fields", "hunter", "process-tests", "pytest-xdist", "virtualenv"]

[[package]]
name = "ruff"
version = "0.7.2"
description = "An extremely fast Python linter and code formatter, written in Rust."
optional = false
python-versions = ">=3.7"
files = [
    {file = "ruff-0.7.2-py3-none-linux_armv6l.whl", hash = "sha256:b73f873b5f52092e63ed540adefc3c36f1f803790ecf2590e1df8bf0a9f72cb8"},
    {file = "ruff-0.7.2-py3-none-macosx_10_12_x86_64.whl", hash = "sha256:5b813ef26db1015953daf476202585512afd6a6862a02cde63f3bafb53d0b2d4"},
    {file = "ruff-0.7.2-py3-none-macosx_11_0_arm64.whl", hash = "sha256:853277dbd9675810c6826dad7a428d52a11760744508340e66bf46f8be9701d9"},
    {file = "ruff-0.7.2-py3-none-manylinux_2_17_aarch64.manylinux2014_aarch64.whl", hash = "sha256:21aae53ab1490a52bf4e3bf520c10ce120987b047c494cacf4edad0ba0888da2"},
    {file = "ruff-0.7.2-py3-none-manylinux_2_17_armv7l.manylinux2014_armv7l.whl", hash = "sha256:ccc7e0fc6e0cb3168443eeadb6445285abaae75142ee22b2b72c27d790ab60ba"},
    {file = "ruff-0.7.2-py3-none-manylinux_2_17_i686.manylinux2014_i686.whl", hash = "sha256:fd77877a4e43b3a98e5ef4715ba3862105e299af0c48942cc6d51ba3d97dc859"},
    {file = "ruff-0.7.2-py3-none-manylinux_2_17_ppc64.manylinux2014_ppc64.whl", hash = "sha256:e00163fb897d35523c70d71a46fbaa43bf7bf9af0f4534c53ea5b96b2e03397b"},
    {file = "ruff-0.7.2-py3-none-manylinux_2_17_ppc64le.manylinux2014_ppc64le.whl", hash = "sha256:f3c54b538633482dc342e9b634d91168fe8cc56b30a4b4f99287f4e339103e88"},
    {file = "ruff-0.7.2-py3-none-manylinux_2_17_s390x.manylinux2014_s390x.whl", hash = "sha256:7b792468e9804a204be221b14257566669d1db5c00d6bb335996e5cd7004ba80"},
    {file = "ruff-0.7.2-py3-none-manylinux_2_17_x86_64.manylinux2014_x86_64.whl", hash = "sha256:dba53ed84ac19ae4bfb4ea4bf0172550a2285fa27fbb13e3746f04c80f7fa088"},
    {file = "ruff-0.7.2-py3-none-musllinux_1_2_aarch64.whl", hash = "sha256:b19fafe261bf741bca2764c14cbb4ee1819b67adb63ebc2db6401dcd652e3748"},
    {file = "ruff-0.7.2-py3-none-musllinux_1_2_armv7l.whl", hash = "sha256:28bd8220f4d8f79d590db9e2f6a0674f75ddbc3847277dd44ac1f8d30684b828"},
    {file = "ruff-0.7.2-py3-none-musllinux_1_2_i686.whl", hash = "sha256:9fd67094e77efbea932e62b5d2483006154794040abb3a5072e659096415ae1e"},
    {file = "ruff-0.7.2-py3-none-musllinux_1_2_x86_64.whl", hash = "sha256:576305393998b7bd6c46018f8104ea3a9cb3fa7908c21d8580e3274a3b04b691"},
    {file = "ruff-0.7.2-py3-none-win32.whl", hash = "sha256:fa993cfc9f0ff11187e82de874dfc3611df80852540331bc85c75809c93253a8"},
    {file = "ruff-0.7.2-py3-none-win_amd64.whl", hash = "sha256:dd8800cbe0254e06b8fec585e97554047fb82c894973f7ff18558eee33d1cb88"},
    {file = "ruff-0.7.2-py3-none-win_arm64.whl", hash = "sha256:bb8368cd45bba3f57bb29cbb8d64b4a33f8415d0149d2655c5c8539452ce7760"},
    {file = "ruff-0.7.2.tar.gz", hash = "sha256:2b14e77293380e475b4e3a7a368e14549288ed2931fce259a6f99978669e844f"},
]

[[package]]
name = "tomli"
version = "2.0.1"
description = "A lil' TOML parser"
optional = false
python-versions = ">=3.7"
files = [
    {file = "tomli-2.0.1-py3-none-any.whl", hash = "sha256:939de3e7a6161af0c887ef91b7d41a53e7c5a1ca976325f429cb46ea9bc30ecc"},
    {file = "tomli-2.0.1.tar.gz", hash = "sha256:de526c12914f0c550d15924c62d72abc48d6fe7364aa87328337a31007fe8a4f"},
]

[[package]]
name = "unidic-lite"
version = "1.0.8"
description = "A small version of UniDic packaged for Python"
optional = false
python-versions = "*"
files = [
    {file = "unidic-lite-1.0.8.tar.gz", hash = "sha256:db9d4572d9fdd4d00a97949d4b0741ec480ee05a7e7e2e32f547500dae27b245"},
]

[metadata]
lock-version = "2.0"
python-versions = "^3.10"
content-hash = "eacfa18e511507b81a39eeaed2822e1db8d4396efebcb3f2a2a56d7389231fa7"
